// !$*UTF8*$!
{
	archiveVersion = 1;
	classes = {
	};
	objectVersion = 56;
	objects = {

/* Begin PBXBuildFile section */
		21FA35A92AF1C162004156AC /* AppDelegate.swift in Sources */ = {isa = PBXBuildFile; fileRef = 21FA35A82AF1C162004156AC /* AppDelegate.swift */; };
		21FA35AB2AF1C162004156AC /* SceneDelegate.swift in Sources */ = {isa = PBXBuildFile; fileRef = 21FA35AA2AF1C162004156AC /* SceneDelegate.swift */; };
		21FA35AD2AF1C162004156AC /* ViewController.swift in Sources */ = {isa = PBXBuildFile; fileRef = 21FA35AC2AF1C162004156AC /* ViewController.swift */; };
		21FA35B02AF1C162004156AC /* Main.storyboard in Resources */ = {isa = PBXBuildFile; fileRef = 21FA35AE2AF1C162004156AC /* Main.storyboard */; };
		21FA35B22AF1C163004156AC /* Assets.xcassets in Resources */ = {isa = PBXBuildFile; fileRef = 21FA35B12AF1C163004156AC /* Assets.xcassets */; };
		21FA35B52AF1C163004156AC /* LaunchScreen.storyboard in Resources */ = {isa = PBXBuildFile; fileRef = 21FA35B32AF1C163004156AC /* LaunchScreen.storyboard */; };
		21FA35C02AF1C163004156AC /* CandyAppDevTests.swift in Sources */ = {isa = PBXBuildFile; fileRef = 21FA35BF2AF1C163004156AC /* CandyAppDevTests.swift */; };
		21FA35CA2AF1C163004156AC /* CandyAppDevUITests.swift in Sources */ = {isa = PBXBuildFile; fileRef = 21FA35C92AF1C163004156AC /* CandyAppDevUITests.swift */; };
		21FA35CC2AF1C163004156AC /* CandyAppDevUITestsLaunchTests.swift in Sources */ = {isa = PBXBuildFile; fileRef = 21FA35CB2AF1C163004156AC /* CandyAppDevUITestsLaunchTests.swift */; };
		21FA35D92AF1C3CC004156AC /* secondViewController.swift in Sources */ = {isa = PBXBuildFile; fileRef = 21FA35D82AF1C3CC004156AC /* secondViewController.swift */; };
		21FA35DB2AF1C3DB004156AC /* thirdViewController.swift in Sources */ = {isa = PBXBuildFile; fileRef = 21FA35DA2AF1C3DB004156AC /* thirdViewController.swift */; };
		21FA35DD2AF1C401004156AC /* fourthViewController.swift in Sources */ = {isa = PBXBuildFile; fileRef = 21FA35DC2AF1C401004156AC /* fourthViewController.swift */; };
		21FA35DF2AF1C418004156AC /* fifthViewController.swift in Sources */ = {isa = PBXBuildFile; fileRef = 21FA35DE2AF1C418004156AC /* fifthViewController.swift */; };
		21FA35E12AF45EC5004156AC /* Property List.plist in Resources */ = {isa = PBXBuildFile; fileRef = 21FA35E02AF45EC5004156AC /* Property List.plist */; };
		21FA35E32AF46581004156AC /* secondDetailViewController.swift in Sources */ = {isa = PBXBuildFile; fileRef = 21FA35E22AF46581004156AC /* secondDetailViewController.swift */; };
		21FA35E52AF473D3004156AC /* thirdDetailViewController.swift in Sources */ = {isa = PBXBuildFile; fileRef = 21FA35E42AF473D3004156AC /* thirdDetailViewController.swift */; };
/* End PBXBuildFile section */

/* Begin PBXContainerItemProxy section */
		21FA35BC2AF1C163004156AC /* PBXContainerItemProxy */ = {
			isa = PBXContainerItemProxy;
			containerPortal = 21FA359D2AF1C162004156AC /* Project object */;
			proxyType = 1;
			remoteGlobalIDString = 21FA35A42AF1C162004156AC;
			remoteInfo = CandyAppDev;
		};
		21FA35C62AF1C163004156AC /* PBXContainerItemProxy */ = {
			isa = PBXContainerItemProxy;
			containerPortal = 21FA359D2AF1C162004156AC /* Project object */;
			proxyType = 1;
			remoteGlobalIDString = 21FA35A42AF1C162004156AC;
			remoteInfo = CandyAppDev;
		};
/* End PBXContainerItemProxy section */

/* Begin PBXFileReference section */
		21FA35A52AF1C162004156AC /* CandyAppDev.app */ = {isa = PBXFileReference; explicitFileType = wrapper.application; includeInIndex = 0; path = CandyAppDev.app; sourceTree = BUILT_PRODUCTS_DIR; };
		21FA35A82AF1C162004156AC /* AppDelegate.swift */ = {isa = PBXFileReference; lastKnownFileType = sourcecode.swift; path = AppDelegate.swift; sourceTree = "<group>"; };
		21FA35AA2AF1C162004156AC /* SceneDelegate.swift */ = {isa = PBXFileReference; lastKnownFileType = sourcecode.swift; path = SceneDelegate.swift; sourceTree = "<group>"; };
		21FA35AC2AF1C162004156AC /* ViewController.swift */ = {isa = PBXFileReference; lastKnownFileType = sourcecode.swift; path = ViewController.swift; sourceTree = "<group>"; };
		21FA35AF2AF1C162004156AC /* Base */ = {isa = PBXFileReference; lastKnownFileType = file.storyboard; name = Base; path = Base.lproj/Main.storyboard; sourceTree = "<group>"; };
		21FA35B12AF1C163004156AC /* Assets.xcassets */ = {isa = PBXFileReference; lastKnownFileType = folder.assetcatalog; path = Assets.xcassets; sourceTree = "<group>"; };
		21FA35B42AF1C163004156AC /* Base */ = {isa = PBXFileReference; lastKnownFileType = file.storyboard; name = Base; path = Base.lproj/LaunchScreen.storyboard; sourceTree = "<group>"; };
		21FA35B62AF1C163004156AC /* Info.plist */ = {isa = PBXFileReference; lastKnownFileType = text.plist.xml; path = Info.plist; sourceTree = "<group>"; };
		21FA35BB2AF1C163004156AC /* CandyAppDevTests.xctest */ = {isa = PBXFileReference; explicitFileType = wrapper.cfbundle; includeInIndex = 0; path = CandyAppDevTests.xctest; sourceTree = BUILT_PRODUCTS_DIR; };
		21FA35BF2AF1C163004156AC /* CandyAppDevTests.swift */ = {isa = PBXFileReference; lastKnownFileType = sourcecode.swift; path = CandyAppDevTests.swift; sourceTree = "<group>"; };
		21FA35C52AF1C163004156AC /* CandyAppDevUITests.xctest */ = {isa = PBXFileReference; explicitFileType = wrapper.cfbundle; includeInIndex = 0; path = CandyAppDevUITests.xctest; sourceTree = BUILT_PRODUCTS_DIR; };
		21FA35C92AF1C163004156AC /* CandyAppDevUITests.swift */ = {isa = PBXFileReference; lastKnownFileType = sourcecode.swift; path = CandyAppDevUITests.swift; sourceTree = "<group>"; };
		21FA35CB2AF1C163004156AC /* CandyAppDevUITestsLaunchTests.swift */ = {isa = PBXFileReference; lastKnownFileType = sourcecode.swift; path = CandyAppDevUITestsLaunchTests.swift; sourceTree = "<group>"; };
		21FA35D82AF1C3CC004156AC /* secondViewController.swift */ = {isa = PBXFileReference; lastKnownFileType = sourcecode.swift; path = secondViewController.swift; sourceTree = "<group>"; };
		21FA35DA2AF1C3DB004156AC /* thirdViewController.swift */ = {isa = PBXFileReference; lastKnownFileType = sourcecode.swift; path = thirdViewController.swift; sourceTree = "<group>"; };
		21FA35DC2AF1C401004156AC /* fourthViewController.swift */ = {isa = PBXFileReference; lastKnownFileType = sourcecode.swift; path = fourthViewController.swift; sourceTree = "<group>"; };
		21FA35DE2AF1C418004156AC /* fifthViewController.swift */ = {isa = PBXFileReference; lastKnownFileType = sourcecode.swift; path = fifthViewController.swift; sourceTree = "<group>"; };
		21FA35E02AF45EC5004156AC /* Property List.plist */ = {isa = PBXFileReference; lastKnownFileType = text.plist.xml; path = "Property List.plist"; sourceTree = "<group>"; };
		21FA35E22AF46581004156AC /* secondDetailViewController.swift */ = {isa = PBXFileReference; lastKnownFileType = sourcecode.swift; path = secondDetailViewController.swift; sourceTree = "<group>"; };
		21FA35E42AF473D3004156AC /* thirdDetailViewController.swift */ = {isa = PBXFileReference; lastKnownFileType = sourcecode.swift; path = thirdDetailViewController.swift; sourceTree = "<group>"; };
/* End PBXFileReference section */

/* Begin PBXFrameworksBuildPhase section */
		21FA35A22AF1C162004156AC /* Frameworks */ = {
			isa = PBXFrameworksBuildPhase;
			buildActionMask = 2147483647;
			files = (
			);
			runOnlyForDeploymentPostprocessing = 0;
		};
		21FA35B82AF1C163004156AC /* Frameworks */ = {
			isa = PBXFrameworksBuildPhase;
			buildActionMask = 2147483647;
			files = (
			);
			runOnlyForDeploymentPostprocessing = 0;
		};
		21FA35C22AF1C163004156AC /* Frameworks */ = {
			isa = PBXFrameworksBuildPhase;
			buildActionMask = 2147483647;
			files = (
			);
			runOnlyForDeploymentPostprocessing = 0;
		};
/* End PBXFrameworksBuildPhase section */

/* Begin PBXGroup section */
		21FA359C2AF1C162004156AC = {
			isa = PBXGroup;
			children = (
				21FA35A72AF1C162004156AC /* CandyAppDev */,
				21FA35BE2AF1C163004156AC /* CandyAppDevTests */,
				21FA35C82AF1C163004156AC /* CandyAppDevUITests */,
				21FA35A62AF1C162004156AC /* Products */,
			);
			sourceTree = "<group>";
		};
		21FA35A62AF1C162004156AC /* Products */ = {
			isa = PBXGroup;
			children = (
				21FA35A52AF1C162004156AC /* CandyAppDev.app */,
				21FA35BB2AF1C163004156AC /* CandyAppDevTests.xctest */,
				21FA35C52AF1C163004156AC /* CandyAppDevUITests.xctest */,
			);
			name = Products;
			sourceTree = "<group>";
		};
		21FA35A72AF1C162004156AC /* CandyAppDev */ = {
			isa = PBXGroup;
			children = (
				21FA35A82AF1C162004156AC /* AppDelegate.swift */,
				21FA35AA2AF1C162004156AC /* SceneDelegate.swift */,
				21FA35AC2AF1C162004156AC /* ViewController.swift */,
				21FA35AE2AF1C162004156AC /* Main.storyboard */,
				21FA35E42AF473D3004156AC /* thirdDetailViewController.swift */,
				21FA35E22AF46581004156AC /* secondDetailViewController.swift */,
				21FA35E02AF45EC5004156AC /* Property List.plist */,
				21FA35DE2AF1C418004156AC /* fifthViewController.swift */,
				21FA35DC2AF1C401004156AC /* fourthViewController.swift */,
				21FA35DA2AF1C3DB004156AC /* thirdViewController.swift */,
				21FA35D82AF1C3CC004156AC /* secondViewController.swift */,
				21FA35B12AF1C163004156AC /* Assets.xcassets */,
				21FA35B32AF1C163004156AC /* LaunchScreen.storyboard */,
				21FA35B62AF1C163004156AC /* Info.plist */,
			);
			path = CandyAppDev;
			sourceTree = "<group>";
		};
		21FA35BE2AF1C163004156AC /* CandyAppDevTests */ = {
			isa = PBXGroup;
			children = (
				21FA35BF2AF1C163004156AC /* CandyAppDevTests.swift */,
			);
			path = CandyAppDevTests;
			sourceTree = "<group>";
		};
		21FA35C82AF1C163004156AC /* CandyAppDevUITests */ = {
			isa = PBXGroup;
			children = (
				21FA35C92AF1C163004156AC /* CandyAppDevUITests.swift */,
				21FA35CB2AF1C163004156AC /* CandyAppDevUITestsLaunchTests.swift */,
			);
			path = CandyAppDevUITests;
			sourceTree = "<group>";
		};
/* End PBXGroup section */

/* Begin PBXNativeTarget section */
		21FA35A42AF1C162004156AC /* CandyAppDev */ = {
			isa = PBXNativeTarget;
			buildConfigurationList = 21FA35CF2AF1C163004156AC /* Build configuration list for PBXNativeTarget "CandyAppDev" */;
			buildPhases = (
				21FA35A12AF1C162004156AC /* Sources */,
				21FA35A22AF1C162004156AC /* Frameworks */,
				21FA35A32AF1C162004156AC /* Resources */,
			);
			buildRules = (
			);
			dependencies = (
			);
			name = CandyAppDev;
			productName = CandyAppDev;
			productReference = 21FA35A52AF1C162004156AC /* CandyAppDev.app */;
			productType = "com.apple.product-type.application";
		};
		21FA35BA2AF1C163004156AC /* CandyAppDevTests */ = {
			isa = PBXNativeTarget;
			buildConfigurationList = 21FA35D22AF1C163004156AC /* Build configuration list for PBXNativeTarget "CandyAppDevTests" */;
			buildPhases = (
				21FA35B72AF1C163004156AC /* Sources */,
				21FA35B82AF1C163004156AC /* Frameworks */,
				21FA35B92AF1C163004156AC /* Resources */,
			);
			buildRules = (
			);
			dependencies = (
				21FA35BD2AF1C163004156AC /* PBXTargetDependency */,
			);
			name = CandyAppDevTests;
			productName = CandyAppDevTests;
			productReference = 21FA35BB2AF1C163004156AC /* CandyAppDevTests.xctest */;
			productType = "com.apple.product-type.bundle.unit-test";
		};
		21FA35C42AF1C163004156AC /* CandyAppDevUITests */ = {
			isa = PBXNativeTarget;
			buildConfigurationList = 21FA35D52AF1C163004156AC /* Build configuration list for PBXNativeTarget "CandyAppDevUITests" */;
			buildPhases = (
				21FA35C12AF1C163004156AC /* Sources */,
				21FA35C22AF1C163004156AC /* Frameworks */,
				21FA35C32AF1C163004156AC /* Resources */,
			);
			buildRules = (
			);
			dependencies = (
				21FA35C72AF1C163004156AC /* PBXTargetDependency */,
			);
			name = CandyAppDevUITests;
			productName = CandyAppDevUITests;
			productReference = 21FA35C52AF1C163004156AC /* CandyAppDevUITests.xctest */;
			productType = "com.apple.product-type.bundle.ui-testing";
		};
/* End PBXNativeTarget section */

/* Begin PBXProject section */
		21FA359D2AF1C162004156AC /* Project object */ = {
			isa = PBXProject;
			attributes = {
				BuildIndependentTargetsInParallel = 1;
				LastSwiftUpdateCheck = 1500;
				LastUpgradeCheck = 1500;
				TargetAttributes = {
					21FA35A42AF1C162004156AC = {
						CreatedOnToolsVersion = 15.0;
					};
					21FA35BA2AF1C163004156AC = {
						CreatedOnToolsVersion = 15.0;
						TestTargetID = 21FA35A42AF1C162004156AC;
					};
					21FA35C42AF1C163004156AC = {
						CreatedOnToolsVersion = 15.0;
						TestTargetID = 21FA35A42AF1C162004156AC;
					};
				};
			};
			buildConfigurationList = 21FA35A02AF1C162004156AC /* Build configuration list for PBXProject "CandyAppDev" */;
			compatibilityVersion = "Xcode 14.0";
			developmentRegion = en;
			hasScannedForEncodings = 0;
			knownRegions = (
				en,
				Base,
			);
			mainGroup = 21FA359C2AF1C162004156AC;
			productRefGroup = 21FA35A62AF1C162004156AC /* Products */;
			projectDirPath = "";
			projectRoot = "";
			targets = (
				21FA35A42AF1C162004156AC /* CandyAppDev */,
				21FA35BA2AF1C163004156AC /* CandyAppDevTests */,
				21FA35C42AF1C163004156AC /* CandyAppDevUITests */,
			);
		};
/* End PBXProject section */

/* Begin PBXResourcesBuildPhase section */
		21FA35A32AF1C162004156AC /* Resources */ = {
			isa = PBXResourcesBuildPhase;
			buildActionMask = 2147483647;
			files = (
				21FA35B52AF1C163004156AC /* LaunchScreen.storyboard in Resources */,
				21FA35B22AF1C163004156AC /* Assets.xcassets in Resources */,
				21FA35E12AF45EC5004156AC /* Property List.plist in Resources */,
				21FA35B02AF1C162004156AC /* Main.storyboard in Resources */,
			);
			runOnlyForDeploymentPostprocessing = 0;
		};
		21FA35B92AF1C163004156AC /* Resources */ = {
			isa = PBXResourcesBuildPhase;
			buildActionMask = 2147483647;
			files = (
			);
			runOnlyForDeploymentPostprocessing = 0;
		};
		21FA35C32AF1C163004156AC /* Resources */ = {
			isa = PBXResourcesBuildPhase;
			buildActionMask = 2147483647;
			files = (
			);
			runOnlyForDeploymentPostprocessing = 0;
		};
/* End PBXResourcesBuildPhase section */

/* Begin PBXSourcesBuildPhase section */
		21FA35A12AF1C162004156AC /* Sources */ = {
			isa = PBXSourcesBuildPhase;
			buildActionMask = 2147483647;
			files = (
				21FA35D92AF1C3CC004156AC /* secondViewController.swift in Sources */,
				21FA35AD2AF1C162004156AC /* ViewController.swift in Sources */,
				21FA35E32AF46581004156AC /* secondDetailViewController.swift in Sources */,
				21FA35DD2AF1C401004156AC /* fourthViewController.swift in Sources */,
				21FA35DB2AF1C3DB004156AC /* thirdViewController.swift in Sources */,
				21FA35A92AF1C162004156AC /* AppDelegate.swift in Sources */,
				21FA35E52AF473D3004156AC /* thirdDetailViewController.swift in Sources */,
				21FA35AB2AF1C162004156AC /* SceneDelegate.swift in Sources */,
				21FA35DF2AF1C418004156AC /* fifthViewController.swift in Sources */,
			);
			runOnlyForDeploymentPostprocessing = 0;
		};
		21FA35B72AF1C163004156AC /* Sources */ = {
			isa = PBXSourcesBuildPhase;
			buildActionMask = 2147483647;
			files = (
				21FA35C02AF1C163004156AC /* CandyAppDevTests.swift in Sources */,
			);
			runOnlyForDeploymentPostprocessing = 0;
		};
		21FA35C12AF1C163004156AC /* Sources */ = {
			isa = PBXSourcesBuildPhase;
			buildActionMask = 2147483647;
			files = (
				21FA35CC2AF1C163004156AC /* CandyAppDevUITestsLaunchTests.swift in Sources */,
				21FA35CA2AF1C163004156AC /* CandyAppDevUITests.swift in Sources */,
			);
			runOnlyForDeploymentPostprocessing = 0;
		};
/* End PBXSourcesBuildPhase section */

/* Begin PBXTargetDependency section */
		21FA35BD2AF1C163004156AC /* PBXTargetDependency */ = {
			isa = PBXTargetDependency;
			target = 21FA35A42AF1C162004156AC /* CandyAppDev */;
			targetProxy = 21FA35BC2AF1C163004156AC /* PBXContainerItemProxy */;
		};
		21FA35C72AF1C163004156AC /* PBXTargetDependency */ = {
			isa = PBXTargetDependency;
			target = 21FA35A42AF1C162004156AC /* CandyAppDev */;
			targetProxy = 21FA35C62AF1C163004156AC /* PBXContainerItemProxy */;
		};
/* End PBXTargetDependency section */

/* Begin PBXVariantGroup section */
		21FA35AE2AF1C162004156AC /* Main.storyboard */ = {
			isa = PBXVariantGroup;
			children = (
				21FA35AF2AF1C162004156AC /* Base */,
			);
			name = Main.storyboard;
			sourceTree = "<group>";
		};
		21FA35B32AF1C163004156AC /* LaunchScreen.storyboard */ = {
			isa = PBXVariantGroup;
			children = (
				21FA35B42AF1C163004156AC /* Base */,
			);
			name = LaunchScreen.storyboard;
			sourceTree = "<group>";
		};
/* End PBXVariantGroup section */

/* Begin XCBuildConfiguration section */
		21FA35CD2AF1C163004156AC /* Debug */ = {
			isa = XCBuildConfiguration;
			buildSettings = {
				ALWAYS_SEARCH_USER_PATHS = NO;
				ASSETCATALOG_COMPILER_GENERATE_SWIFT_ASSET_SYMBOL_EXTENSIONS = YES;
				CLANG_ANALYZER_NONNULL = YES;
				CLANG_ANALYZER_NUMBER_OBJECT_CONVERSION = YES_AGGRESSIVE;
				CLANG_CXX_LANGUAGE_STANDARD = "gnu++20";
				CLANG_ENABLE_MODULES = YES;
				CLANG_ENABLE_OBJC_ARC = YES;
				CLANG_ENABLE_OBJC_WEAK = YES;
				CLANG_WARN_BLOCK_CAPTURE_AUTORELEASING = YES;
				CLANG_WARN_BOOL_CONVERSION = YES;
				CLANG_WARN_COMMA = YES;
				CLANG_WARN_CONSTANT_CONVERSION = YES;
				CLANG_WARN_DEPRECATED_OBJC_IMPLEMENTATIONS = YES;
				CLANG_WARN_DIRECT_OBJC_ISA_USAGE = YES_ERROR;
				CLANG_WARN_DOCUMENTATION_COMMENTS = YES;
				CLANG_WARN_EMPTY_BODY = YES;
				CLANG_WARN_ENUM_CONVERSION = YES;
				CLANG_WARN_INFINITE_RECURSION = YES;
				CLANG_WARN_INT_CONVERSION = YES;
				CLANG_WARN_NON_LITERAL_NULL_CONVERSION = YES;
				CLANG_WARN_OBJC_IMPLICIT_RETAIN_SELF = YES;
				CLANG_WARN_OBJC_LITERAL_CONVERSION = YES;
				CLANG_WARN_OBJC_ROOT_CLASS = YES_ERROR;
				CLANG_WARN_QUOTED_INCLUDE_IN_FRAMEWORK_HEADER = YES;
				CLANG_WARN_RANGE_LOOP_ANALYSIS = YES;
				CLANG_WARN_STRICT_PROTOTYPES = YES;
				CLANG_WARN_SUSPICIOUS_MOVE = YES;
				CLANG_WARN_UNGUARDED_AVAILABILITY = YES_AGGRESSIVE;
				CLANG_WARN_UNREACHABLE_CODE = YES;
				CLANG_WARN__DUPLICATE_METHOD_MATCH = YES;
				COPY_PHASE_STRIP = NO;
				DEBUG_INFORMATION_FORMAT = dwarf;
				ENABLE_STRICT_OBJC_MSGSEND = YES;
				ENABLE_TESTABILITY = YES;
				ENABLE_USER_SCRIPT_SANDBOXING = YES;
				GCC_C_LANGUAGE_STANDARD = gnu17;
				GCC_DYNAMIC_NO_PIC = NO;
				GCC_NO_COMMON_BLOCKS = YES;
				GCC_OPTIMIZATION_LEVEL = 0;
				GCC_PREPROCESSOR_DEFINITIONS = (
					"DEBUG=1",
					"$(inherited)",
				);
				GCC_WARN_64_TO_32_BIT_CONVERSION = YES;
				GCC_WARN_ABOUT_RETURN_TYPE = YES_ERROR;
				GCC_WARN_UNDECLARED_SELECTOR = YES;
				GCC_WARN_UNINITIALIZED_AUTOS = YES_AGGRESSIVE;
				GCC_WARN_UNUSED_FUNCTION = YES;
				GCC_WARN_UNUSED_VARIABLE = YES;
				IPHONEOS_DEPLOYMENT_TARGET = 17.0;
				LOCALIZATION_PREFERS_STRING_CATALOGS = YES;
				MTL_ENABLE_DEBUG_INFO = INCLUDE_SOURCE;
				MTL_FAST_MATH = YES;
				ONLY_ACTIVE_ARCH = YES;
				SDKROOT = iphoneos;
				SWIFT_ACTIVE_COMPILATION_CONDITIONS = "DEBUG $(inherited)";
				SWIFT_OPTIMIZATION_LEVEL = "-Onone";
			};
			name = Debug;
		};
		21FA35CE2AF1C163004156AC /* Release */ = {
			isa = XCBuildConfiguration;
			buildSettings = {
				ALWAYS_SEARCH_USER_PATHS = NO;
				ASSETCATALOG_COMPILER_GENERATE_SWIFT_ASSET_SYMBOL_EXTENSIONS = YES;
				CLANG_ANALYZER_NONNULL = YES;
				CLANG_ANALYZER_NUMBER_OBJECT_CONVERSION = YES_AGGRESSIVE;
				CLANG_CXX_LANGUAGE_STANDARD = "gnu++20";
				CLANG_ENABLE_MODULES = YES;
				CLANG_ENABLE_OBJC_ARC = YES;
				CLANG_ENABLE_OBJC_WEAK = YES;
				CLANG_WARN_BLOCK_CAPTURE_AUTORELEASING = YES;
				CLANG_WARN_BOOL_CONVERSION = YES;
				CLANG_WARN_COMMA = YES;
				CLANG_WARN_CONSTANT_CONVERSION = YES;
				CLANG_WARN_DEPRECATED_OBJC_IMPLEMENTATIONS = YES;
				CLANG_WARN_DIRECT_OBJC_ISA_USAGE = YES_ERROR;
				CLANG_WARN_DOCUMENTATION_COMMENTS = YES;
				CLANG_WARN_EMPTY_BODY = YES;
				CLANG_WARN_ENUM_CONVERSION = YES;
				CLANG_WARN_INFINITE_RECURSION = YES;
				CLANG_WARN_INT_CONVERSION = YES;
				CLANG_WARN_NON_LITERAL_NULL_CONVERSION = YES;
				CLANG_WARN_OBJC_IMPLICIT_RETAIN_SELF = YES;
				CLANG_WARN_OBJC_LITERAL_CONVERSION = YES;
				CLANG_WARN_OBJC_ROOT_CLASS = YES_ERROR;
				CLANG_WARN_QUOTED_INCLUDE_IN_FRAMEWORK_HEADER = YES;
				CLANG_WARN_RANGE_LOOP_ANALYSIS = YES;
				CLANG_WARN_STRICT_PROTOTYPES = YES;
				CLANG_WARN_SUSPICIOUS_MOVE = YES;
				CLANG_WARN_UNGUARDED_AVAILABILITY = YES_AGGRESSIVE;
				CLANG_WARN_UNREACHABLE_CODE = YES;
				CLANG_WARN__DUPLICATE_METHOD_MATCH = YES;
				COPY_PHASE_STRIP = NO;
				DEBUG_INFORMATION_FORMAT = "dwarf-with-dsym";
				ENABLE_NS_ASSERTIONS = NO;
				ENABLE_STRICT_OBJC_MSGSEND = YES;
				ENABLE_USER_SCRIPT_SANDBOXING = YES;
				GCC_C_LANGUAGE_STANDARD = gnu17;
				GCC_NO_COMMON_BLOCKS = YES;
				GCC_WARN_64_TO_32_BIT_CONVERSION = YES;
				GCC_WARN_ABOUT_RETURN_TYPE = YES_ERROR;
				GCC_WARN_UNDECLARED_SELECTOR = YES;
				GCC_WARN_UNINITIALIZED_AUTOS = YES_AGGRESSIVE;
				GCC_WARN_UNUSED_FUNCTION = YES;
				GCC_WARN_UNUSED_VARIABLE = YES;
				IPHONEOS_DEPLOYMENT_TARGET = 17.0;
				LOCALIZATION_PREFERS_STRING_CATALOGS = YES;
				MTL_ENABLE_DEBUG_INFO = NO;
				MTL_FAST_MATH = YES;
				SDKROOT = iphoneos;
				SWIFT_COMPILATION_MODE = wholemodule;
				VALIDATE_PRODUCT = YES;
			};
			name = Release;
		};
		21FA35D02AF1C163004156AC /* Debug */ = {
			isa = XCBuildConfiguration;
			buildSettings = {
				ASSETCATALOG_COMPILER_APPICON_NAME = AppIcon;
				ASSETCATALOG_COMPILER_GLOBAL_ACCENT_COLOR_NAME = AccentColor;
				CODE_SIGN_STYLE = Automatic;
				CURRENT_PROJECT_VERSION = 1;
				DEVELOPMENT_TEAM = 2U492TAFXP;
				GENERATE_INFOPLIST_FILE = YES;
				INFOPLIST_FILE = CandyAppDev/Info.plist;
				INFOPLIST_KEY_UIApplicationSupportsIndirectInputEvents = YES;
				INFOPLIST_KEY_UILaunchStoryboardName = LaunchScreen;
				INFOPLIST_KEY_UIMainStoryboardFile = Main;
				INFOPLIST_KEY_UISupportedInterfaceOrientations_iPad = "UIInterfaceOrientationPortrait UIInterfaceOrientationPortraitUpsideDown UIInterfaceOrientationLandscapeLeft UIInterfaceOrientationLandscapeRight";
				INFOPLIST_KEY_UISupportedInterfaceOrientations_iPhone = "UIInterfaceOrientationPortrait UIInterfaceOrientationLandscapeLeft UIInterfaceOrientationLandscapeRight";
				LD_RUNPATH_SEARCH_PATHS = (
					"$(inherited)",
					"@executable_path/Frameworks",
				);
				MARKETING_VERSION = 1.0;
				PRODUCT_BUNDLE_IDENTIFIER = UHWO.CandyAppDev;
				PRODUCT_NAME = "$(TARGET_NAME)";
				SWIFT_EMIT_LOC_STRINGS = YES;
				SWIFT_VERSION = 5.0;
				TARGETED_DEVICE_FAMILY = "1,2";
			};
			name = Debug;
		};
		21FA35D12AF1C163004156AC /* Release */ = {
			isa = XCBuildConfiguration;
			buildSettings = {
				ASSETCATALOG_COMPILER_APPICON_NAME = AppIcon;
				ASSETCATALOG_COMPILER_GLOBAL_ACCENT_COLOR_NAME = AccentColor;
				CODE_SIGN_STYLE = Automatic;
				CURRENT_PROJECT_VERSION = 1;
				DEVELOPMENT_TEAM = 2U492TAFXP;
				GENERATE_INFOPLIST_FILE = YES;
				INFOPLIST_FILE = CandyAppDev/Info.plist;
				INFOPLIST_KEY_UIApplicationSupportsIndirectInputEvents = YES;
				INFOPLIST_KEY_UILaunchStoryboardName = LaunchScreen;
				INFOPLIST_KEY_UIMainStoryboardFile = Main;
				INFOPLIST_KEY_UISupportedInterfaceOrientations_iPad = "UIInterfaceOrientationPortrait UIInterfaceOrientationPortraitUpsideDown UIInterfaceOrientationLandscapeLeft UIInterfaceOrientationLandscapeRight";
				INFOPLIST_KEY_UISupportedInterfaceOrientations_iPhone = "UIInterfaceOrientationPortrait UIInterfaceOrientationLandscapeLeft UIInterfaceOrientationLandscapeRight";
				LD_RUNPATH_SEARCH_PATHS = (
					"$(inherited)",
					"@executable_path/Frameworks",
				);
				MARKETING_VERSION = 1.0;
				PRODUCT_BUNDLE_IDENTIFIER = UHWO.CandyAppDev;
				PRODUCT_NAME = "$(TARGET_NAME)";
				SWIFT_EMIT_LOC_STRINGS = YES;
				SWIFT_VERSION = 5.0;
				TARGETED_DEVICE_FAMILY = "1,2";
			};
			name = Release;
		};
		21FA35D32AF1C163004156AC /* Debug */ = {
			isa = XCBuildConfiguration;
			buildSettings = {
				ALWAYS_EMBED_SWIFT_STANDARD_LIBRARIES = YES;
				BUNDLE_LOADER = "$(TEST_HOST)";
				CODE_SIGN_STYLE = Automatic;
				CURRENT_PROJECT_VERSION = 1;
				DEVELOPMENT_TEAM = 2U492TAFXP;
				GENERATE_INFOPLIST_FILE = YES;
				IPHONEOS_DEPLOYMENT_TARGET = 17.0;
				MARKETING_VERSION = 1.0;
				PRODUCT_BUNDLE_IDENTIFIER = UHWO.CandyAppDevTests;
				PRODUCT_NAME = "$(TARGET_NAME)";
				SWIFT_EMIT_LOC_STRINGS = NO;
				SWIFT_VERSION = 5.0;
				TARGETED_DEVICE_FAMILY = "1,2";
				TEST_HOST = "$(BUILT_PRODUCTS_DIR)/CandyAppDev.app/$(BUNDLE_EXECUTABLE_FOLDER_PATH)/CandyAppDev";
			};
			name = Debug;
		};
		21FA35D42AF1C163004156AC /* Release */ = {
			isa = XCBuildConfiguration;
			buildSettings = {
				ALWAYS_EMBED_SWIFT_STANDARD_LIBRARIES = YES;
				BUNDLE_LOADER = "$(TEST_HOST)";
				CODE_SIGN_STYLE = Automatic;
				CURRENT_PROJECT_VERSION = 1;
				DEVELOPMENT_TEAM = 2U492TAFXP;
				GENERATE_INFOPLIST_FILE = YES;
				IPHONEOS_DEPLOYMENT_TARGET = 17.0;
				MARKETING_VERSION = 1.0;
				PRODUCT_BUNDLE_IDENTIFIER = UHWO.CandyAppDevTests;
				PRODUCT_NAME = "$(TARGET_NAME)";
				SWIFT_EMIT_LOC_STRINGS = NO;
				SWIFT_VERSION = 5.0;
				TARGETED_DEVICE_FAMILY = "1,2";
				TEST_HOST = "$(BUILT_PRODUCTS_DIR)/CandyAppDev.app/$(BUNDLE_EXECUTABLE_FOLDER_PATH)/CandyAppDev";
			};
			name = Release;
		};
		21FA35D62AF1C163004156AC /* Debug */ = {
			isa = XCBuildConfiguration;
			buildSettings = {
				ALWAYS_EMBED_SWIFT_STANDARD_LIBRARIES = YES;
				CODE_SIGN_STYLE = Automatic;
				CURRENT_PROJECT_VERSION = 1;
				DEVELOPMENT_TEAM = 2U492TAFXP;
				GENERATE_INFOPLIST_FILE = YES;
				MARKETING_VERSION = 1.0;
				PRODUCT_BUNDLE_IDENTIFIER = UHWO.CandyAppDevUITests;
				PRODUCT_NAME = "$(TARGET_NAME)";
				SWIFT_EMIT_LOC_STRINGS = NO;
				SWIFT_VERSION = 5.0;
				TARGETED_DEVICE_FAMILY = "1,2";
				TEST_TARGET_NAME = CandyAppDev;
			};
			name = Debug;
		};
		21FA35D72AF1C163004156AC /* Release */ = {
			isa = XCBuildConfiguration;
			buildSettings = {
				ALWAYS_EMBED_SWIFT_STANDARD_LIBRARIES = YES;
				CODE_SIGN_STYLE = Automatic;
				CURRENT_PROJECT_VERSION = 1;
				DEVELOPMENT_TEAM = 2U492TAFXP;
				GENERATE_INFOPLIST_FILE = YES;
				MARKETING_VERSION = 1.0;
				PRODUCT_BUNDLE_IDENTIFIER = UHWO.CandyAppDevUITests;
				PRODUCT_NAME = "$(TARGET_NAME)";
				SWIFT_EMIT_LOC_STRINGS = NO;
				SWIFT_VERSION = 5.0;
				TARGETED_DEVICE_FAMILY = "1,2";
				TEST_TARGET_NAME = CandyAppDev;
			};
			name = Release;
		};
/* End XCBuildConfiguration section */

/* Begin XCConfigurationList section */
		21FA35A02AF1C162004156AC /* Build configuration list for PBXProject "CandyAppDev" */ = {
			isa = XCConfigurationList;
			buildConfigurations = (
				21FA35CD2AF1C163004156AC /* Debug */,
				21FA35CE2AF1C163004156AC /* Release */,
			);
			defaultConfigurationIsVisible = 0;
			defaultConfigurationName = Release;
		};
		21FA35CF2AF1C163004156AC /* Build configuration list for PBXNativeTarget "CandyAppDev" */ = {
			isa = XCConfigurationList;
			buildConfigurations = (
				21FA35D02AF1C163004156AC /* Debug */,
				21FA35D12AF1C163004156AC /* Release */,
			);
			defaultConfigurationIsVisible = 0;
			defaultConfigurationName = Release;
		};
		21FA35D22AF1C163004156AC /* Build configuration list for PBXNativeTarget "CandyAppDevTests" */ = {
			isa = XCConfigurationList;
			buildConfigurations = (
				21FA35D32AF1C163004156AC /* Debug */,
				21FA35D42AF1C163004156AC /* Release */,
			);
			defaultConfigurationIsVisible = 0;
			defaultConfigurationName = Release;
		};
		21FA35D52AF1C163004156AC /* Build configuration list for PBXNativeTarget "CandyAppDevUITests" */ = {
			isa = XCConfigurationList;
			buildConfigurations = (
				21FA35D62AF1C163004156AC /* Debug */,
				21FA35D72AF1C163004156AC /* Release */,
			);
			defaultConfigurationIsVisible = 0;
			defaultConfigurationName = Release;
		};
/* End XCConfigurationList section */
	};
	rootObject = 21FA359D2AF1C162004156AC /* Project object */;
}
